// !$*UTF8*$!
{
	archiveVersion = 1;
	classes = {
	};
	objectVersion = 56;
	objects = {

/* Begin PBXBuildFile section */
		FCCC77D929E57DF90016C02D /* AppDelegate.swift in Sources */ = {isa = PBXBuildFile; fileRef = FCCC77D829E57DF90016C02D /* AppDelegate.swift */; };
		FCCC77DB29E57DF90016C02D /* SceneDelegate.swift in Sources */ = {isa = PBXBuildFile; fileRef = FCCC77DA29E57DF90016C02D /* SceneDelegate.swift */; };
		FCCC77DD29E57DF90016C02D /* ViewController.swift in Sources */ = {isa = PBXBuildFile; fileRef = FCCC77DC29E57DF90016C02D /* ViewController.swift */; };
		FCCC77E229E57DFA0016C02D /* Assets.xcassets in Resources */ = {isa = PBXBuildFile; fileRef = FCCC77E129E57DFA0016C02D /* Assets.xcassets */; };
		FCCC77E529E57DFA0016C02D /* LaunchScreen.storyboard in Resources */ = {isa = PBXBuildFile; fileRef = FCCC77E329E57DFA0016C02D /* LaunchScreen.storyboard */; };
		FCCC77F029E57DFA0016C02D /* LayoutUITests.swift in Sources */ = {isa = PBXBuildFile; fileRef = FCCC77EF29E57DFA0016C02D /* LayoutUITests.swift */; };
		FCCC77FA29E57DFA0016C02D /* LayoutUIUITests.swift in Sources */ = {isa = PBXBuildFile; fileRef = FCCC77F929E57DFA0016C02D /* LayoutUIUITests.swift */; };
		FCCC77FC29E57DFA0016C02D /* LayoutUIUITestsLaunchTests.swift in Sources */ = {isa = PBXBuildFile; fileRef = FCCC77FB29E57DFA0016C02D /* LayoutUIUITestsLaunchTests.swift */; };
/* End PBXBuildFile section */

/* Begin PBXContainerItemProxy section */
		FCCC77EC29E57DFA0016C02D /* PBXContainerItemProxy */ = {
			isa = PBXContainerItemProxy;
			containerPortal = FCCC77CD29E57DF90016C02D /* Project object */;
			proxyType = 1;
			remoteGlobalIDString = FCCC77D429E57DF90016C02D;
			remoteInfo = LayoutUI;
		};
		FCCC77F629E57DFA0016C02D /* PBXContainerItemProxy */ = {
			isa = PBXContainerItemProxy;
			containerPortal = FCCC77CD29E57DF90016C02D /* Project object */;
			proxyType = 1;
			remoteGlobalIDString = FCCC77D429E57DF90016C02D;
			remoteInfo = LayoutUI;
		};
/* End PBXContainerItemProxy section */

/* Begin PBXFileReference section */
		FCCC77D529E57DF90016C02D /* LayoutUI.app */ = {isa = PBXFileReference; explicitFileType = wrapper.application; includeInIndex = 0; path = LayoutUI.app; sourceTree = BUILT_PRODUCTS_DIR; };
		FCCC77D829E57DF90016C02D /* AppDelegate.swift */ = {isa = PBXFileReference; lastKnownFileType = sourcecode.swift; path = AppDelegate.swift; sourceTree = "<group>"; };
		FCCC77DA29E57DF90016C02D /* SceneDelegate.swift */ = {isa = PBXFileReference; lastKnownFileType = sourcecode.swift; path = SceneDelegate.swift; sourceTree = "<group>"; };
		FCCC77DC29E57DF90016C02D /* ViewController.swift */ = {isa = PBXFileReference; lastKnownFileType = sourcecode.swift; path = ViewController.swift; sourceTree = "<group>"; };
		FCCC77E129E57DFA0016C02D /* Assets.xcassets */ = {isa = PBXFileReference; lastKnownFileType = folder.assetcatalog; path = Assets.xcassets; sourceTree = "<group>"; };
		FCCC77E429E57DFA0016C02D /* Base */ = {isa = PBXFileReference; lastKnownFileType = file.storyboard; name = Base; path = Base.lproj/LaunchScreen.storyboard; sourceTree = "<group>"; };
		FCCC77E629E57DFA0016C02D /* Info.plist */ = {isa = PBXFileReference; lastKnownFileType = text.plist.xml; path = Info.plist; sourceTree = "<group>"; };
		FCCC77EB29E57DFA0016C02D /* LayoutUITests.xctest */ = {isa = PBXFileReference; explicitFileType = wrapper.cfbundle; includeInIndex = 0; path = LayoutUITests.xctest; sourceTree = BUILT_PRODUCTS_DIR; };
		FCCC77EF29E57DFA0016C02D /* LayoutUITests.swift */ = {isa = PBXFileReference; lastKnownFileType = sourcecode.swift; path = LayoutUITests.swift; sourceTree = "<group>"; };
		FCCC77F529E57DFA0016C02D /* LayoutUIUITests.xctest */ = {isa = PBXFileReference; explicitFileType = wrapper.cfbundle; includeInIndex = 0; path = LayoutUIUITests.xctest; sourceTree = BUILT_PRODUCTS_DIR; };
		FCCC77F929E57DFA0016C02D /* LayoutUIUITests.swift */ = {isa = PBXFileReference; lastKnownFileType = sourcecode.swift; path = LayoutUIUITests.swift; sourceTree = "<group>"; };
		FCCC77FB29E57DFA0016C02D /* LayoutUIUITestsLaunchTests.swift */ = {isa = PBXFileReference; lastKnownFileType = sourcecode.swift; path = LayoutUIUITestsLaunchTests.swift; sourceTree = "<group>"; };
/* End PBXFileReference section */

/* Begin PBXFrameworksBuildPhase section */
		FCCC77D229E57DF90016C02D /* Frameworks */ = {
			isa = PBXFrameworksBuildPhase;
			buildActionMask = 2147483647;
			files = (
			);
			runOnlyForDeploymentPostprocessing = 0;
		};
		FCCC77E829E57DFA0016C02D /* Frameworks */ = {
			isa = PBXFrameworksBuildPhase;
			buildActionMask = 2147483647;
			files = (
			);
			runOnlyForDeploymentPostprocessing = 0;
		};
		FCCC77F229E57DFA0016C02D /* Frameworks */ = {
			isa = PBXFrameworksBuildPhase;
			buildActionMask = 2147483647;
			files = (
			);
			runOnlyForDeploymentPostprocessing = 0;
		};
/* End PBXFrameworksBuildPhase section */

/* Begin PBXGroup section */
		FCCC77CC29E57DF90016C02D = {
			isa = PBXGroup;
			children = (
				FCCC77D729E57DF90016C02D /* LayoutUI */,
				FCCC77EE29E57DFA0016C02D /* LayoutUITests */,
				FCCC77F829E57DFA0016C02D /* LayoutUIUITests */,
				FCCC77D629E57DF90016C02D /* Products */,
			);
			sourceTree = "<group>";
		};
		FCCC77D629E57DF90016C02D /* Products */ = {
			isa = PBXGroup;
			children = (
				FCCC77D529E57DF90016C02D /* LayoutUI.app */,
				FCCC77EB29E57DFA0016C02D /* LayoutUITests.xctest */,
				FCCC77F529E57DFA0016C02D /* LayoutUIUITests.xctest */,
			);
			name = Products;
			sourceTree = "<group>";
		};
		FCCC77D729E57DF90016C02D /* LayoutUI */ = {
			isa = PBXGroup;
			children = (
				FCCC77D829E57DF90016C02D /* AppDelegate.swift */,
				FCCC77DA29E57DF90016C02D /* SceneDelegate.swift */,
				FCCC77DC29E57DF90016C02D /* ViewController.swift */,
				FCCC77E129E57DFA0016C02D /* Assets.xcassets */,
				FCCC77E329E57DFA0016C02D /* LaunchScreen.storyboard */,
				FCCC77E629E57DFA0016C02D /* Info.plist */,
			);
			path = LayoutUI;
			sourceTree = "<group>";
		};
		FCCC77EE29E57DFA0016C02D /* LayoutUITests */ = {
			isa = PBXGroup;
			children = (
				FCCC77EF29E57DFA0016C02D /* LayoutUITests.swift */,
			);
			path = LayoutUITests;
			sourceTree = "<group>";
		};
		FCCC77F829E57DFA0016C02D /* LayoutUIUITests */ = {
			isa = PBXGroup;
			children = (
				FCCC77F929E57DFA0016C02D /* LayoutUIUITests.swift */,
				FCCC77FB29E57DFA0016C02D /* LayoutUIUITestsLaunchTests.swift */,
			);
			path = LayoutUIUITests;
			sourceTree = "<group>";
		};
/* End PBXGroup section */

/* Begin PBXNativeTarget section */
		FCCC77D429E57DF90016C02D /* LayoutUI */ = {
			isa = PBXNativeTarget;
			buildConfigurationList = FCCC77FF29E57DFA0016C02D /* Build configuration list for PBXNativeTarget "LayoutUI" */;
			buildPhases = (
				FCCC77D129E57DF90016C02D /* Sources */,
				FCCC77D229E57DF90016C02D /* Frameworks */,
				FCCC77D329E57DF90016C02D /* Resources */,
			);
			buildRules = (
			);
			dependencies = (
			);
			name = LayoutUI;
			productName = LayoutUI;
			productReference = FCCC77D529E57DF90016C02D /* LayoutUI.app */;
			productType = "com.apple.product-type.application";
		};
		FCCC77EA29E57DFA0016C02D /* LayoutUITests */ = {
			isa = PBXNativeTarget;
			buildConfigurationList = FCCC780229E57DFA0016C02D /* Build configuration list for PBXNativeTarget "LayoutUITests" */;
			buildPhases = (
				FCCC77E729E57DFA0016C02D /* Sources */,
				FCCC77E829E57DFA0016C02D /* Frameworks */,
				FCCC77E929E57DFA0016C02D /* Resources */,
			);
			buildRules = (
			);
			dependencies = (
				FCCC77ED29E57DFA0016C02D /* PBXTargetDependency */,
			);
			name = LayoutUITests;
			productName = LayoutUITests;
			productReference = FCCC77EB29E57DFA0016C02D /* LayoutUITests.xctest */;
			productType = "com.apple.product-type.bundle.unit-test";
		};
		FCCC77F429E57DFA0016C02D /* LayoutUIUITests */ = {
			isa = PBXNativeTarget;
			buildConfigurationList = FCCC780529E57DFA0016C02D /* Build configuration list for PBXNativeTarget "LayoutUIUITests" */;
			buildPhases = (
				FCCC77F129E57DFA0016C02D /* Sources */,
				FCCC77F229E57DFA0016C02D /* Frameworks */,
				FCCC77F329E57DFA0016C02D /* Resources */,
			);
			buildRules = (
			);
			dependencies = (
				FCCC77F729E57DFA0016C02D /* PBXTargetDependency */,
			);
			name = LayoutUIUITests;
			productName = LayoutUIUITests;
			productReference = FCCC77F529E57DFA0016C02D /* LayoutUIUITests.xctest */;
			productType = "com.apple.product-type.bundle.ui-testing";
		};
/* End PBXNativeTarget section */

/* Begin PBXProject section */
		FCCC77CD29E57DF90016C02D /* Project object */ = {
			isa = PBXProject;
			attributes = {
				BuildIndependentTargetsInParallel = 1;
				LastSwiftUpdateCheck = 1430;
				LastUpgradeCheck = 1430;
				TargetAttributes = {
					FCCC77D429E57DF90016C02D = {
						CreatedOnToolsVersion = 14.3;
					};
					FCCC77EA29E57DFA0016C02D = {
						CreatedOnToolsVersion = 14.3;
						TestTargetID = FCCC77D429E57DF90016C02D;
					};
					FCCC77F429E57DFA0016C02D = {
						CreatedOnToolsVersion = 14.3;
						TestTargetID = FCCC77D429E57DF90016C02D;
					};
				};
			};
			buildConfigurationList = FCCC77D029E57DF90016C02D /* Build configuration list for PBXProject "LayoutUI" */;
			compatibilityVersion = "Xcode 14.0";
			developmentRegion = en;
			hasScannedForEncodings = 0;
			knownRegions = (
				en,
				Base,
			);
			mainGroup = FCCC77CC29E57DF90016C02D;
			productRefGroup = FCCC77D629E57DF90016C02D /* Products */;
			projectDirPath = "";
			projectRoot = "";
			targets = (
				FCCC77D429E57DF90016C02D /* LayoutUI */,
				FCCC77EA29E57DFA0016C02D /* LayoutUITests */,
				FCCC77F429E57DFA0016C02D /* LayoutUIUITests */,
			);
		};
/* End PBXProject section */

/* Begin PBXResourcesBuildPhase section */
		FCCC77D329E57DF90016C02D /* Resources */ = {
			isa = PBXResourcesBuildPhase;
			buildActionMask = 2147483647;
			files = (
				FCCC77E529E57DFA0016C02D /* LaunchScreen.storyboard in Resources */,
				FCCC77E229E57DFA0016C02D /* Assets.xcassets in Resources */,
			);
			runOnlyForDeploymentPostprocessing = 0;
		};
		FCCC77E929E57DFA0016C02D /* Resources */ = {
			isa = PBXResourcesBuildPhase;
			buildActionMask = 2147483647;
			files = (
			);
			runOnlyForDeploymentPostprocessing = 0;
		};
		FCCC77F329E57DFA0016C02D /* Resources */ = {
			isa = PBXResourcesBuildPhase;
			buildActionMask = 2147483647;
			files = (
			);
			runOnlyForDeploymentPostprocessing = 0;
		};
/* End PBXResourcesBuildPhase section */

/* Begin PBXSourcesBuildPhase section */
		FCCC77D129E57DF90016C02D /* Sources */ = {
			isa = PBXSourcesBuildPhase;
			buildActionMask = 2147483647;
			files = (
				FCCC77DD29E57DF90016C02D /* ViewController.swift in Sources */,
				FCCC77D929E57DF90016C02D /* AppDelegate.swift in Sources */,
				FCCC77DB29E57DF90016C02D /* SceneDelegate.swift in Sources */,
			);
			runOnlyForDeploymentPostprocessing = 0;
		};
		FCCC77E729E57DFA0016C02D /* Sources */ = {
			isa = PBXSourcesBuildPhase;
			buildActionMask = 2147483647;
			files = (
				FCCC77F029E57DFA0016C02D /* LayoutUITests.swift in Sources */,
			);
			runOnlyForDeploymentPostprocessing = 0;
		};
		FCCC77F129E57DFA0016C02D /* Sources */ = {
			isa = PBXSourcesBuildPhase;
			buildActionMask = 2147483647;
			files = (
				FCCC77FC29E57DFA0016C02D /* LayoutUIUITestsLaunchTests.swift in Sources */,
				FCCC77FA29E57DFA0016C02D /* LayoutUIUITests.swift in Sources */,
			);
			runOnlyForDeploymentPostprocessing = 0;
		};
/* End PBXSourcesBuildPhase section */

/* Begin PBXTargetDependency section */
		FCCC77ED29E57DFA0016C02D /* PBXTargetDependency */ = {
			isa = PBXTargetDependency;
			target = FCCC77D429E57DF90016C02D /* LayoutUI */;
			targetProxy = FCCC77EC29E57DFA0016C02D /* PBXContainerItemProxy */;
		};
		FCCC77F729E57DFA0016C02D /* PBXTargetDependency */ = {
			isa = PBXTargetDependency;
			target = FCCC77D429E57DF90016C02D /* LayoutUI */;
			targetProxy = FCCC77F629E57DFA0016C02D /* PBXContainerItemProxy */;
		};
/* End PBXTargetDependency section */

/* Begin PBXVariantGroup section */
		FCCC77E329E57DFA0016C02D /* LaunchScreen.storyboard */ = {
			isa = PBXVariantGroup;
			children = (
				FCCC77E429E57DFA0016C02D /* Base */,
			);
			name = LaunchScreen.storyboard;
			sourceTree = "<group>";
		};
/* End PBXVariantGroup section */

/* Begin XCBuildConfiguration section */
		FCCC77FD29E57DFA0016C02D /* Debug */ = {
			isa = XCBuildConfiguration;
			buildSettings = {
				ALWAYS_SEARCH_USER_PATHS = NO;
				CLANG_ANALYZER_NONNULL = YES;
				CLANG_ANALYZER_NUMBER_OBJECT_CONVERSION = YES_AGGRESSIVE;
				CLANG_CXX_LANGUAGE_STANDARD = "gnu++20";
				CLANG_ENABLE_MODULES = YES;
				CLANG_ENABLE_OBJC_ARC = YES;
				CLANG_ENABLE_OBJC_WEAK = YES;
				CLANG_WARN_BLOCK_CAPTURE_AUTORELEASING = YES;
				CLANG_WARN_BOOL_CONVERSION = YES;
				CLANG_WARN_COMMA = YES;
				CLANG_WARN_CONSTANT_CONVERSION = YES;
				CLANG_WARN_DEPRECATED_OBJC_IMPLEMENTATIONS = YES;
				CLANG_WARN_DIRECT_OBJC_ISA_USAGE = YES_ERROR;
				CLANG_WARN_DOCUMENTATION_COMMENTS = YES;
				CLANG_WARN_EMPTY_BODY = YES;
				CLANG_WARN_ENUM_CONVERSION = YES;
				CLANG_WARN_INFINITE_RECURSION = YES;
				CLANG_WARN_INT_CONVERSION = YES;
				CLANG_WARN_NON_LITERAL_NULL_CONVERSION = YES;
				CLANG_WARN_OBJC_IMPLICIT_RETAIN_SELF = YES;
				CLANG_WARN_OBJC_LITERAL_CONVERSION = YES;
				CLANG_WARN_OBJC_ROOT_CLASS = YES_ERROR;
				CLANG_WARN_QUOTED_INCLUDE_IN_FRAMEWORK_HEADER = YES;
				CLANG_WARN_RANGE_LOOP_ANALYSIS = YES;
				CLANG_WARN_STRICT_PROTOTYPES = YES;
				CLANG_WARN_SUSPICIOUS_MOVE = YES;
				CLANG_WARN_UNGUARDED_AVAILABILITY = YES_AGGRESSIVE;
				CLANG_WARN_UNREACHABLE_CODE = YES;
				CLANG_WARN__DUPLICATE_METHOD_MATCH = YES;
				COPY_PHASE_STRIP = NO;
				DEBUG_INFORMATION_FORMAT = dwarf;
				ENABLE_STRICT_OBJC_MSGSEND = YES;
				ENABLE_TESTABILITY = YES;
				GCC_C_LANGUAGE_STANDARD = gnu11;
				GCC_DYNAMIC_NO_PIC = NO;
				GCC_NO_COMMON_BLOCKS = YES;
				GCC_OPTIMIZATION_LEVEL = 0;
				GCC_PREPROCESSOR_DEFINITIONS = (
					"DEBUG=1",
					"$(inherited)",
				);
				GCC_WARN_64_TO_32_BIT_CONVERSION = YES;
				GCC_WARN_ABOUT_RETURN_TYPE = YES_ERROR;
				GCC_WARN_UNDECLARED_SELECTOR = YES;
				GCC_WARN_UNINITIALIZED_AUTOS = YES_AGGRESSIVE;
				GCC_WARN_UNUSED_FUNCTION = YES;
				GCC_WARN_UNUSED_VARIABLE = YES;
				IPHONEOS_DEPLOYMENT_TARGET = 16.4;
				MTL_ENABLE_DEBUG_INFO = INCLUDE_SOURCE;
				MTL_FAST_MATH = YES;
				ONLY_ACTIVE_ARCH = YES;
				SDKROOT = iphoneos;
				SWIFT_ACTIVE_COMPILATION_CONDITIONS = DEBUG;
				SWIFT_OPTIMIZATION_LEVEL = "-Onone";
			};
			name = Debug;
		};
		FCCC77FE29E57DFA0016C02D /* Release */ = {
			isa = XCBuildConfiguration;
			buildSettings = {
				ALWAYS_SEARCH_USER_PATHS = NO;
				CLANG_ANALYZER_NONNULL = YES;
				CLANG_ANALYZER_NUMBER_OBJECT_CONVERSION = YES_AGGRESSIVE;
				CLANG_CXX_LANGUAGE_STANDARD = "gnu++20";
				CLANG_ENABLE_MODULES = YES;
				CLANG_ENABLE_OBJC_ARC = YES;
				CLANG_ENABLE_OBJC_WEAK = YES;
				CLANG_WARN_BLOCK_CAPTURE_AUTORELEASING = YES;
				CLANG_WARN_BOOL_CONVERSION = YES;
				CLANG_WARN_COMMA = YES;
				CLANG_WARN_CONSTANT_CONVERSION = YES;
				CLANG_WARN_DEPRECATED_OBJC_IMPLEMENTATIONS = YES;
				CLANG_WARN_DIRECT_OBJC_ISA_USAGE = YES_ERROR;
				CLANG_WARN_DOCUMENTATION_COMMENTS = YES;
				CLANG_WARN_EMPTY_BODY = YES;
				CLANG_WARN_ENUM_CONVERSION = YES;
				CLANG_WARN_INFINITE_RECURSION = YES;
				CLANG_WARN_INT_CONVERSION = YES;
				CLANG_WARN_NON_LITERAL_NULL_CONVERSION = YES;
				CLANG_WARN_OBJC_IMPLICIT_RETAIN_SELF = YES;
				CLANG_WARN_OBJC_LITERAL_CONVERSION = YES;
				CLANG_WARN_OBJC_ROOT_CLASS = YES_ERROR;
				CLANG_WARN_QUOTED_INCLUDE_IN_FRAMEWORK_HEADER = YES;
				CLANG_WARN_RANGE_LOOP_ANALYSIS = YES;
				CLANG_WARN_STRICT_PROTOTYPES = YES;
				CLANG_WARN_SUSPICIOUS_MOVE = YES;
				CLANG_WARN_UNGUARDED_AVAILABILITY = YES_AGGRESSIVE;
				CLANG_WARN_UNREACHABLE_CODE = YES;
				CLANG_WARN__DUPLICATE_METHOD_MATCH = YES;
				COPY_PHASE_STRIP = NO;
				DEBUG_INFORMATION_FORMAT = "dwarf-with-dsym";
				ENABLE_NS_ASSERTIONS = NO;
				ENABLE_STRICT_OBJC_MSGSEND = YES;
				GCC_C_LANGUAGE_STANDARD = gnu11;
				GCC_NO_COMMON_BLOCKS = YES;
				GCC_WARN_64_TO_32_BIT_CONVERSION = YES;
				GCC_WARN_ABOUT_RETURN_TYPE = YES_ERROR;
				GCC_WARN_UNDECLARED_SELECTOR = YES;
				GCC_WARN_UNINITIALIZED_AUTOS = YES_AGGRESSIVE;
				GCC_WARN_UNUSED_FUNCTION = YES;
				GCC_WARN_UNUSED_VARIABLE = YES;
				IPHONEOS_DEPLOYMENT_TARGET = 16.4;
				MTL_ENABLE_DEBUG_INFO = NO;
				MTL_FAST_MATH = YES;
				SDKROOT = iphoneos;
				SWIFT_COMPILATION_MODE = wholemodule;
				SWIFT_OPTIMIZATION_LEVEL = "-O";
				VALIDATE_PRODUCT = YES;
			};
			name = Release;
		};
		FCCC780029E57DFA0016C02D /* Debug */ = {
			isa = XCBuildConfiguration;
			buildSettings = {
				ASSETCATALOG_COMPILER_APPICON_NAME = AppIcon;
				ASSETCATALOG_COMPILER_GLOBAL_ACCENT_COLOR_NAME = AccentColor;
				CODE_SIGN_STYLE = Automatic;
				CURRENT_PROJECT_VERSION = 1;
				GENERATE_INFOPLIST_FILE = YES;
				INFOPLIST_FILE = LayoutUI/Info.plist;
				INFOPLIST_KEY_UIApplicationSupportsIndirectInputEvents = YES;
				INFOPLIST_KEY_UILaunchStoryboardName = "";
				INFOPLIST_KEY_UIStatusBarStyle = "";
				INFOPLIST_KEY_UISupportedInterfaceOrientations_iPad = "UIInterfaceOrientationPortrait UIInterfaceOrientationPortraitUpsideDown UIInterfaceOrientationLandscapeLeft UIInterfaceOrientationLandscapeRight";
				INFOPLIST_KEY_UISupportedInterfaceOrientations_iPhone = "UIInterfaceOrientationPortrait UIInterfaceOrientationLandscapeLeft UIInterfaceOrientationLandscapeRight";
				LD_RUNPATH_SEARCH_PATHS = (
					"$(inherited)",
					"@executable_path/Frameworks",
				);
				MARKETING_VERSION = 1.0;
				PRODUCT_BUNDLE_IDENTIFIER = guilhermegiron.LayoutUI;
				PRODUCT_NAME = "$(TARGET_NAME)";
				SWIFT_EMIT_LOC_STRINGS = YES;
				SWIFT_VERSION = 5.0;
				TARGETED_DEVICE_FAMILY = "1,2";
			};
			name = Debug;
		};
		FCCC780129E57DFA0016C02D /* Release */ = {
			isa = XCBuildConfiguration;
			buildSettings = {
				ASSETCATALOG_COMPILER_APPICON_NAME = AppIcon;
				ASSETCATALOG_COMPILER_GLOBAL_ACCENT_COLOR_NAME = AccentColor;
				CODE_SIGN_STYLE = Automatic;
				CURRENT_PROJECT_VERSION = 1;
				GENERATE_INFOPLIST_FILE = YES;
				INFOPLIST_FILE = LayoutUI/Info.plist;
				INFOPLIST_KEY_UIApplicationSupportsIndirectInputEvents = YES;
				INFOPLIST_KEY_UILaunchStoryboardName = "";
				INFOPLIST_KEY_UIStatusBarStyle = "";
				INFOPLIST_KEY_UISupportedInterfaceOrientations_iPad = "UIInterfaceOrientationPortrait UIInterfaceOrientationPortraitUpsideDown UIInterfaceOrientationLandscapeLeft UIInterfaceOrientationLandscapeRight";
				INFOPLIST_KEY_UISupportedInterfaceOrientations_iPhone = "UIInterfaceOrientationPortrait UIInterfaceOrientationLandscapeLeft UIInterfaceOrientationLandscapeRight";
				LD_RUNPATH_SEARCH_PATHS = (
					"$(inherited)",
					"@executable_path/Frameworks",
				);
				MARKETING_VERSION = 1.0;
				PRODUCT_BUNDLE_IDENTIFIER = guilhermegiron.LayoutUI;
				PRODUCT_NAME = "$(TARGET_NAME)";
				SWIFT_EMIT_LOC_STRINGS = YES;
				SWIFT_VERSION = 5.0;
				TARGETED_DEVICE_FAMILY = "1,2";
			};
			name = Release;
		};
		FCCC780329E57DFA0016C02D /* Debug */ = {
			isa = XCBuildConfiguration;
			buildSettings = {
				ALWAYS_EMBED_SWIFT_STANDARD_LIBRARIES = YES;
				BUNDLE_LOADER = "$(TEST_HOST)";
				CODE_SIGN_STYLE = Automatic;
				CURRENT_PROJECT_VERSION = 1;
				GENERATE_INFOPLIST_FILE = YES;
				IPHONEOS_DEPLOYMENT_TARGET = 16.4;
				MARKETING_VERSION = 1.0;
				PRODUCT_BUNDLE_IDENTIFIER = guilhermegiron.LayoutUITests;
				PRODUCT_NAME = "$(TARGET_NAME)";
				SWIFT_EMIT_LOC_STRINGS = NO;
				SWIFT_VERSION = 5.0;
				TARGETED_DEVICE_FAMILY = "1,2";
				TEST_HOST = "$(BUILT_PRODUCTS_DIR)/LayoutUI.app/$(BUNDLE_EXECUTABLE_FOLDER_PATH)/LayoutUI";
			};
			name = Debug;
		};
		FCCC780429E57DFA0016C02D /* Release */ = {
			isa = XCBuildConfiguration;
			buildSettings = {
				ALWAYS_EMBED_SWIFT_STANDARD_LIBRARIES = YES;
				BUNDLE_LOADER = "$(TEST_HOST)";
				CODE_SIGN_STYLE = Automatic;
				CURRENT_PROJECT_VERSION = 1;
				GENERATE_INFOPLIST_FILE = YES;
				IPHONEOS_DEPLOYMENT_TARGET = 16.4;
				MARKETING_VERSION = 1.0;
				PRODUCT_BUNDLE_IDENTIFIER = guilhermegiron.LayoutUITests;
				PRODUCT_NAME = "$(TARGET_NAME)";
				SWIFT_EMIT_LOC_STRINGS = NO;
				SWIFT_VERSION = 5.0;
				TARGETED_DEVICE_FAMILY = "1,2";
				TEST_HOST = "$(BUILT_PRODUCTS_DIR)/LayoutUI.app/$(BUNDLE_EXECUTABLE_FOLDER_PATH)/LayoutUI";
			};
			name = Release;
		};
		FCCC780629E57DFA0016C02D /* Debug */ = {
			isa = XCBuildConfiguration;
			buildSettings = {
				ALWAYS_EMBED_SWIFT_STANDARD_LIBRARIES = YES;
				CODE_SIGN_STYLE = Automatic;
				CURRENT_PROJECT_VERSION = 1;
				GENERATE_INFOPLIST_FILE = YES;
				MARKETING_VERSION = 1.0;
				PRODUCT_BUNDLE_IDENTIFIER = guilhermegiron.LayoutUIUITests;
				PRODUCT_NAME = "$(TARGET_NAME)";
				SWIFT_EMIT_LOC_STRINGS = NO;
				SWIFT_VERSION = 5.0;
				TARGETED_DEVICE_FAMILY = "1,2";
				TEST_TARGET_NAME = LayoutUI;
			};
			name = Debug;
		};
		FCCC780729E57DFA0016C02D /* Release */ = {
			isa = XCBuildConfiguration;
			buildSettings = {
				ALWAYS_EMBED_SWIFT_STANDARD_LIBRARIES = YES;
				CODE_SIGN_STYLE = Automatic;
				CURRENT_PROJECT_VERSION = 1;
				GENERATE_INFOPLIST_FILE = YES;
				MARKETING_VERSION = 1.0;
				PRODUCT_BUNDLE_IDENTIFIER = guilhermegiron.LayoutUIUITests;
				PRODUCT_NAME = "$(TARGET_NAME)";
				SWIFT_EMIT_LOC_STRINGS = NO;
				SWIFT_VERSION = 5.0;
				TARGETED_DEVICE_FAMILY = "1,2";
				TEST_TARGET_NAME = LayoutUI;
			};
			name = Release;
		};
/* End XCBuildConfiguration section */

/* Begin XCConfigurationList section */
		FCCC77D029E57DF90016C02D /* Build configuration list for PBXProject "LayoutUI" */ = {
			isa = XCConfigurationList;
			buildConfigurations = (
				FCCC77FD29E57DFA0016C02D /* Debug */,
				FCCC77FE29E57DFA0016C02D /* Release */,
			);
			defaultConfigurationIsVisible = 0;
			defaultConfigurationName = Release;
		};
		FCCC77FF29E57DFA0016C02D /* Build configuration list for PBXNativeTarget "LayoutUI" */ = {
			isa = XCConfigurationList;
			buildConfigurations = (
				FCCC780029E57DFA0016C02D /* Debug */,
				FCCC780129E57DFA0016C02D /* Release */,
			);
			defaultConfigurationIsVisible = 0;
			defaultConfigurationName = Release;
		};
		FCCC780229E57DFA0016C02D /* Build configuration list for PBXNativeTarget "LayoutUITests" */ = {
			isa = XCConfigurationList;
			buildConfigurations = (
				FCCC780329E57DFA0016C02D /* Debug */,
				FCCC780429E57DFA0016C02D /* Release */,
			);
			defaultConfigurationIsVisible = 0;
			defaultConfigurationName = Release;
		};
		FCCC780529E57DFA0016C02D /* Build configuration list for PBXNativeTarget "LayoutUIUITests" */ = {
			isa = XCConfigurationList;
			buildConfigurations = (
				FCCC780629E57DFA0016C02D /* Debug */,
				FCCC780729E57DFA0016C02D /* Release */,
			);
			defaultConfigurationIsVisible = 0;
			defaultConfigurationName = Release;
		};
/* End XCConfigurationList section */
	};
	rootObject = FCCC77CD29E57DF90016C02D /* Project object */;
}
